// !$*UTF8*$!
{
	archiveVersion = 1;
	classes = {
	};
	objectVersion = 56;
	objects = {

/* Begin PBXBuildFile section */
		3B07B1532BEE275C002A238B /* FirebaseAuth in Frameworks */ = {isa = PBXBuildFile; productRef = 3B07B1522BEE275C002A238B /* FirebaseAuth */; };
		3B07B1552BEE275C002A238B /* FirebaseFirestore in Frameworks */ = {isa = PBXBuildFile; productRef = 3B07B1542BEE275C002A238B /* FirebaseFirestore */; };
		3B07B1572BEE275C002A238B /* FirebaseFirestoreSwift in Frameworks */ = {isa = PBXBuildFile; productRef = 3B07B1562BEE275C002A238B /* FirebaseFirestoreSwift */; };
		3B07B1592BEE287F002A238B /* GoogleService-Info.plist in Resources */ = {isa = PBXBuildFile; fileRef = 3B07B1582BEE287F002A238B /* GoogleService-Info.plist */; };
		3B07B1602BEE5FD5002A238B /* PolozkyItemView.swift in Sources */ = {isa = PBXBuildFile; fileRef = 3B07B15F2BEE5FD5002A238B /* PolozkyItemView.swift */; };
		3B07B1622BEE6003002A238B /* PolozkaView.swift in Sources */ = {isa = PBXBuildFile; fileRef = 3B07B1612BEE6003002A238B /* PolozkaView.swift */; };
		3B07B1682BEE6047002A238B /* LoginView.swift in Sources */ = {isa = PBXBuildFile; fileRef = 3B07B1672BEE6047002A238B /* LoginView.swift */; };
		3B07B16A2BEE6053002A238B /* RegisterView.swift in Sources */ = {isa = PBXBuildFile; fileRef = 3B07B1692BEE6053002A238B /* RegisterView.swift */; };
		3B07B16C2BEE6091002A238B /* NovaPolozkaView.swift in Sources */ = {isa = PBXBuildFile; fileRef = 3B07B16B2BEE6091002A238B /* NovaPolozkaView.swift */; };
		3B07B16E2BEE60DF002A238B /* ProfileView.swift in Sources */ = {isa = PBXBuildFile; fileRef = 3B07B16D2BEE60DF002A238B /* ProfileView.swift */; };
		3B07B1702BEE636C002A238B /* Pouzivatel.swift in Sources */ = {isa = PBXBuildFile; fileRef = 3B07B16F2BEE636C002A238B /* Pouzivatel.swift */; };
		3B07B1722BEE6373002A238B /* Polozka.swift in Sources */ = {isa = PBXBuildFile; fileRef = 3B07B1712BEE6373002A238B /* Polozka.swift */; };
		3B07B1742BEE6A02002A238B /* MainViewViewModel.swift in Sources */ = {isa = PBXBuildFile; fileRef = 3B07B1732BEE6A02002A238B /* MainViewViewModel.swift */; };
		3B07B1762BEE6A11002A238B /* PolozkyItemViewViewModel.swift in Sources */ = {isa = PBXBuildFile; fileRef = 3B07B1752BEE6A11002A238B /* PolozkyItemViewViewModel.swift */; };
		3B07B1782BEE6A21002A238B /* PolozkaViewViewModel.swift in Sources */ = {isa = PBXBuildFile; fileRef = 3B07B1772BEE6A21002A238B /* PolozkaViewViewModel.swift */; };
		3B07B17A2BEE6A2F002A238B /* NavigateViewViewModel.swift in Sources */ = {isa = PBXBuildFile; fileRef = 3B07B1792BEE6A2F002A238B /* NavigateViewViewModel.swift */; };
		3B07B17C2BEE6A3A002A238B /* LoginViewModel.swift in Sources */ = {isa = PBXBuildFile; fileRef = 3B07B17B2BEE6A3A002A238B /* LoginViewModel.swift */; };
		3B07B17E2BEE6A51002A238B /* RegisterViewViewModel.swift in Sources */ = {isa = PBXBuildFile; fileRef = 3B07B17D2BEE6A51002A238B /* RegisterViewViewModel.swift */; };
		3B07B1802BEE6A5E002A238B /* NovaPolozkaViewViewModel.swift in Sources */ = {isa = PBXBuildFile; fileRef = 3B07B17F2BEE6A5E002A238B /* NovaPolozkaViewViewModel.swift */; };
		3B07B1822BEE6A6B002A238B /* ProfileViewViewModel.swift in Sources */ = {isa = PBXBuildFile; fileRef = 3B07B1812BEE6A6B002A238B /* ProfileViewViewModel.swift */; };
		3B07B1842BEE7760002A238B /* NavigateView.swift in Sources */ = {isa = PBXBuildFile; fileRef = 3B07B1832BEE7760002A238B /* NavigateView.swift */; };
		3BC0FDFD2BEE225500215E16 /* FotimSFRIv2App.swift in Sources */ = {isa = PBXBuildFile; fileRef = 3BC0FDFC2BEE225500215E16 /* FotimSFRIv2App.swift */; };
		3BC0FDFF2BEE225500215E16 /* MainView.swift in Sources */ = {isa = PBXBuildFile; fileRef = 3BC0FDFE2BEE225500215E16 /* MainView.swift */; };
		3BC0FE012BEE225600215E16 /* Assets.xcassets in Resources */ = {isa = PBXBuildFile; fileRef = 3BC0FE002BEE225600215E16 /* Assets.xcassets */; };
		3BC0FE042BEE225600215E16 /* Preview Assets.xcassets in Resources */ = {isa = PBXBuildFile; fileRef = 3BC0FE032BEE225600215E16 /* Preview Assets.xcassets */; };
		3BC0FE0E2BEE225600215E16 /* FotimSFRIv2Tests.swift in Sources */ = {isa = PBXBuildFile; fileRef = 3BC0FE0D2BEE225600215E16 /* FotimSFRIv2Tests.swift */; };
		3BC0FE182BEE225600215E16 /* FotimSFRIv2UITests.swift in Sources */ = {isa = PBXBuildFile; fileRef = 3BC0FE172BEE225600215E16 /* FotimSFRIv2UITests.swift */; };
		3BC0FE1A2BEE225600215E16 /* FotimSFRIv2UITestsLaunchTests.swift in Sources */ = {isa = PBXBuildFile; fileRef = 3BC0FE192BEE225600215E16 /* FotimSFRIv2UITestsLaunchTests.swift */; };
		3BD5D1CB2BF1EFBC00C2780B /* LogRegButton.swift in Sources */ = {isa = PBXBuildFile; fileRef = 3BD5D1CA2BF1EFBC00C2780B /* LogRegButton.swift */; };
		3BFEB0E52BEF914D0089278C /* HlavickaView.swift in Sources */ = {isa = PBXBuildFile; fileRef = 3BFEB0E42BEF914D0089278C /* HlavickaView.swift */; };
		3BFEB0E72BEF99F00089278C /* LOGO_FRI.png in Resources */ = {isa = PBXBuildFile; fileRef = 3BFEB0E62BEF99F00089278C /* LOGO_FRI.png */; };
/* End PBXBuildFile section */

/* Begin PBXContainerItemProxy section */
		3BC0FE0A2BEE225600215E16 /* PBXContainerItemProxy */ = {
			isa = PBXContainerItemProxy;
			containerPortal = 3BC0FDF12BEE225500215E16 /* Project object */;
			proxyType = 1;
			remoteGlobalIDString = 3BC0FDF82BEE225500215E16;
			remoteInfo = FotimSFRIv2;
		};
		3BC0FE142BEE225600215E16 /* PBXContainerItemProxy */ = {
			isa = PBXContainerItemProxy;
			containerPortal = 3BC0FDF12BEE225500215E16 /* Project object */;
			proxyType = 1;
			remoteGlobalIDString = 3BC0FDF82BEE225500215E16;
			remoteInfo = FotimSFRIv2;
		};
/* End PBXContainerItemProxy section */

/* Begin PBXFileReference section */
		3B07B1582BEE287F002A238B /* GoogleService-Info.plist */ = {isa = PBXFileReference; lastKnownFileType = text.plist.xml; name = "GoogleService-Info.plist"; path = "FotimSFRIv2/Other/GoogleService-Info.plist"; sourceTree = SOURCE_ROOT; };
		3B07B15F2BEE5FD5002A238B /* PolozkyItemView.swift */ = {isa = PBXFileReference; lastKnownFileType = sourcecode.swift; path = PolozkyItemView.swift; sourceTree = "<group>"; };
		3B07B1612BEE6003002A238B /* PolozkaView.swift */ = {isa = PBXFileReference; lastKnownFileType = sourcecode.swift; path = PolozkaView.swift; sourceTree = "<group>"; };
		3B07B1672BEE6047002A238B /* LoginView.swift */ = {isa = PBXFileReference; lastKnownFileType = sourcecode.swift; path = LoginView.swift; sourceTree = "<group>"; };
		3B07B1692BEE6053002A238B /* RegisterView.swift */ = {isa = PBXFileReference; lastKnownFileType = sourcecode.swift; path = RegisterView.swift; sourceTree = "<group>"; };
		3B07B16B2BEE6091002A238B /* NovaPolozkaView.swift */ = {isa = PBXFileReference; lastKnownFileType = sourcecode.swift; path = NovaPolozkaView.swift; sourceTree = "<group>"; };
		3B07B16D2BEE60DF002A238B /* ProfileView.swift */ = {isa = PBXFileReference; lastKnownFileType = sourcecode.swift; path = ProfileView.swift; sourceTree = "<group>"; };
		3B07B16F2BEE636C002A238B /* Pouzivatel.swift */ = {isa = PBXFileReference; lastKnownFileType = sourcecode.swift; path = Pouzivatel.swift; sourceTree = "<group>"; };
		3B07B1712BEE6373002A238B /* Polozka.swift */ = {isa = PBXFileReference; lastKnownFileType = sourcecode.swift; path = Polozka.swift; sourceTree = "<group>"; };
		3B07B1732BEE6A02002A238B /* MainViewViewModel.swift */ = {isa = PBXFileReference; lastKnownFileType = sourcecode.swift; path = MainViewViewModel.swift; sourceTree = "<group>"; };
		3B07B1752BEE6A11002A238B /* PolozkyItemViewViewModel.swift */ = {isa = PBXFileReference; lastKnownFileType = sourcecode.swift; path = PolozkyItemViewViewModel.swift; sourceTree = "<group>"; };
		3B07B1772BEE6A21002A238B /* PolozkaViewViewModel.swift */ = {isa = PBXFileReference; lastKnownFileType = sourcecode.swift; path = PolozkaViewViewModel.swift; sourceTree = "<group>"; };
		3B07B1792BEE6A2F002A238B /* NavigateViewViewModel.swift */ = {isa = PBXFileReference; lastKnownFileType = sourcecode.swift; path = NavigateViewViewModel.swift; sourceTree = "<group>"; };
		3B07B17B2BEE6A3A002A238B /* LoginViewModel.swift */ = {isa = PBXFileReference; lastKnownFileType = sourcecode.swift; path = LoginViewModel.swift; sourceTree = "<group>"; };
		3B07B17D2BEE6A51002A238B /* RegisterViewViewModel.swift */ = {isa = PBXFileReference; lastKnownFileType = sourcecode.swift; path = RegisterViewViewModel.swift; sourceTree = "<group>"; };
		3B07B17F2BEE6A5E002A238B /* NovaPolozkaViewViewModel.swift */ = {isa = PBXFileReference; lastKnownFileType = sourcecode.swift; path = NovaPolozkaViewViewModel.swift; sourceTree = "<group>"; };
		3B07B1812BEE6A6B002A238B /* ProfileViewViewModel.swift */ = {isa = PBXFileReference; lastKnownFileType = sourcecode.swift; path = ProfileViewViewModel.swift; sourceTree = "<group>"; };
		3B07B1832BEE7760002A238B /* NavigateView.swift */ = {isa = PBXFileReference; lastKnownFileType = sourcecode.swift; path = NavigateView.swift; sourceTree = "<group>"; };
		3BC0FDF92BEE225500215E16 /* FotimSFRIv2.app */ = {isa = PBXFileReference; explicitFileType = wrapper.application; includeInIndex = 0; path = FotimSFRIv2.app; sourceTree = BUILT_PRODUCTS_DIR; };
		3BC0FDFC2BEE225500215E16 /* FotimSFRIv2App.swift */ = {isa = PBXFileReference; lastKnownFileType = sourcecode.swift; path = FotimSFRIv2App.swift; sourceTree = "<group>"; };
		3BC0FDFE2BEE225500215E16 /* MainView.swift */ = {isa = PBXFileReference; lastKnownFileType = sourcecode.swift; path = MainView.swift; sourceTree = "<group>"; };
		3BC0FE002BEE225600215E16 /* Assets.xcassets */ = {isa = PBXFileReference; lastKnownFileType = folder.assetcatalog; path = Assets.xcassets; sourceTree = "<group>"; };
		3BC0FE032BEE225600215E16 /* Preview Assets.xcassets */ = {isa = PBXFileReference; lastKnownFileType = folder.assetcatalog; path = "Preview Assets.xcassets"; sourceTree = "<group>"; };
		3BC0FE092BEE225600215E16 /* FotimSFRIv2Tests.xctest */ = {isa = PBXFileReference; explicitFileType = wrapper.cfbundle; includeInIndex = 0; path = FotimSFRIv2Tests.xctest; sourceTree = BUILT_PRODUCTS_DIR; };
		3BC0FE0D2BEE225600215E16 /* FotimSFRIv2Tests.swift */ = {isa = PBXFileReference; lastKnownFileType = sourcecode.swift; path = FotimSFRIv2Tests.swift; sourceTree = "<group>"; };
		3BC0FE132BEE225600215E16 /* FotimSFRIv2UITests.xctest */ = {isa = PBXFileReference; explicitFileType = wrapper.cfbundle; includeInIndex = 0; path = FotimSFRIv2UITests.xctest; sourceTree = BUILT_PRODUCTS_DIR; };
		3BC0FE172BEE225600215E16 /* FotimSFRIv2UITests.swift */ = {isa = PBXFileReference; lastKnownFileType = sourcecode.swift; path = FotimSFRIv2UITests.swift; sourceTree = "<group>"; };
		3BC0FE192BEE225600215E16 /* FotimSFRIv2UITestsLaunchTests.swift */ = {isa = PBXFileReference; lastKnownFileType = sourcecode.swift; path = FotimSFRIv2UITestsLaunchTests.swift; sourceTree = "<group>"; };
		3BD5D1CA2BF1EFBC00C2780B /* LogRegButton.swift */ = {isa = PBXFileReference; lastKnownFileType = sourcecode.swift; path = LogRegButton.swift; sourceTree = "<group>"; };
		3BFEB0E42BEF914D0089278C /* HlavickaView.swift */ = {isa = PBXFileReference; lastKnownFileType = sourcecode.swift; path = HlavickaView.swift; sourceTree = "<group>"; };
		3BFEB0E62BEF99F00089278C /* LOGO_FRI.png */ = {isa = PBXFileReference; lastKnownFileType = image.png; name = LOGO_FRI.png; path = "FotimSFRIv2/Preview Content/LOGO_FRI.png"; sourceTree = SOURCE_ROOT; };
/* End PBXFileReference section */

/* Begin PBXFrameworksBuildPhase section */
		3BC0FDF62BEE225500215E16 /* Frameworks */ = {
			isa = PBXFrameworksBuildPhase;
			buildActionMask = 2147483647;
			files = (
				3B07B1532BEE275C002A238B /* FirebaseAuth in Frameworks */,
				3B07B1552BEE275C002A238B /* FirebaseFirestore in Frameworks */,
				3B07B1572BEE275C002A238B /* FirebaseFirestoreSwift in Frameworks */,
			);
			runOnlyForDeploymentPostprocessing = 0;
		};
		3BC0FE062BEE225600215E16 /* Frameworks */ = {
			isa = PBXFrameworksBuildPhase;
			buildActionMask = 2147483647;
			files = (
			);
			runOnlyForDeploymentPostprocessing = 0;
		};
		3BC0FE102BEE225600215E16 /* Frameworks */ = {
			isa = PBXFrameworksBuildPhase;
			buildActionMask = 2147483647;
			files = (
			);
			runOnlyForDeploymentPostprocessing = 0;
		};
/* End PBXFrameworksBuildPhase section */

/* Begin PBXGroup section */
		3B07B15A2BEE3710002A238B /* Models */ = {
			isa = PBXGroup;
			children = (
				3B07B16F2BEE636C002A238B /* Pouzivatel.swift */,
				3B07B1712BEE6373002A238B /* Polozka.swift */,
			);
			path = Models;
			sourceTree = "<group>";
		};
		3B07B15B2BEE371B002A238B /* Other */ = {
			isa = PBXGroup;
			children = (
				3BC0FE002BEE225600215E16 /* Assets.xcassets */,
				3B07B1582BEE287F002A238B /* GoogleService-Info.plist */,
				3BC0FDFC2BEE225500215E16 /* FotimSFRIv2App.swift */,
			);
			path = Other;
			sourceTree = "<group>";
		};
		3B07B15C2BEE3723002A238B /* PreviewContent */ = {
			isa = PBXGroup;
			children = (
			);
			path = PreviewContent;
			sourceTree = "<group>";
		};
		3B07B15D2BEE3730002A238B /* ViewModels */ = {
			isa = PBXGroup;
			children = (
				3B07B1732BEE6A02002A238B /* MainViewViewModel.swift */,
				3B07B1752BEE6A11002A238B /* PolozkyItemViewViewModel.swift */,
				3B07B1772BEE6A21002A238B /* PolozkaViewViewModel.swift */,
				3B07B1792BEE6A2F002A238B /* NavigateViewViewModel.swift */,
				3B07B17B2BEE6A3A002A238B /* LoginViewModel.swift */,
				3B07B17D2BEE6A51002A238B /* RegisterViewViewModel.swift */,
				3B07B17F2BEE6A5E002A238B /* NovaPolozkaViewViewModel.swift */,
				3B07B1812BEE6A6B002A238B /* ProfileViewViewModel.swift */,
			);
			path = ViewModels;
			sourceTree = "<group>";
		};
		3B07B15E2BEE373B002A238B /* Views */ = {
			isa = PBXGroup;
			children = (
				3BC0FDFE2BEE225500215E16 /* MainView.swift */,
				3B07B15F2BEE5FD5002A238B /* PolozkyItemView.swift */,
				3B07B1612BEE6003002A238B /* PolozkaView.swift */,
				3B07B1672BEE6047002A238B /* LoginView.swift */,
				3B07B1692BEE6053002A238B /* RegisterView.swift */,
				3B07B16B2BEE6091002A238B /* NovaPolozkaView.swift */,
				3B07B16D2BEE60DF002A238B /* ProfileView.swift */,
				3B07B1832BEE7760002A238B /* NavigateView.swift */,
				3BFEB0E42BEF914D0089278C /* HlavickaView.swift */,
				3BD5D1CA2BF1EFBC00C2780B /* LogRegButton.swift */,
			);
			path = Views;
			sourceTree = "<group>";
		};
		3BC0FDF02BEE225500215E16 = {
			isa = PBXGroup;
			children = (
				3BC0FDFB2BEE225500215E16 /* FotimSFRIv2 */,
				3BC0FE0C2BEE225600215E16 /* FotimSFRIv2Tests */,
				3BC0FE162BEE225600215E16 /* FotimSFRIv2UITests */,
				3BC0FDFA2BEE225500215E16 /* Products */,
			);
			sourceTree = "<group>";
		};
		3BC0FDFA2BEE225500215E16 /* Products */ = {
			isa = PBXGroup;
			children = (
				3BC0FDF92BEE225500215E16 /* FotimSFRIv2.app */,
				3BC0FE092BEE225600215E16 /* FotimSFRIv2Tests.xctest */,
				3BC0FE132BEE225600215E16 /* FotimSFRIv2UITests.xctest */,
			);
			name = Products;
			sourceTree = "<group>";
		};
		3BC0FDFB2BEE225500215E16 /* FotimSFRIv2 */ = {
			isa = PBXGroup;
			children = (
				3B07B15E2BEE373B002A238B /* Views */,
				3B07B15D2BEE3730002A238B /* ViewModels */,
				3B07B15C2BEE3723002A238B /* PreviewContent */,
				3B07B15B2BEE371B002A238B /* Other */,
				3B07B15A2BEE3710002A238B /* Models */,
				3BC0FE022BEE225600215E16 /* Preview Content */,
			);
			path = FotimSFRIv2;
			sourceTree = "<group>";
		};
		3BC0FE022BEE225600215E16 /* Preview Content */ = {
			isa = PBXGroup;
			children = (
				3BFEB0E62BEF99F00089278C /* LOGO_FRI.png */,
				3BC0FE032BEE225600215E16 /* Preview Assets.xcassets */,
			);
			path = "Preview Content";
			sourceTree = "<group>";
		};
		3BC0FE0C2BEE225600215E16 /* FotimSFRIv2Tests */ = {
			isa = PBXGroup;
			children = (
				3BC0FE0D2BEE225600215E16 /* FotimSFRIv2Tests.swift */,
			);
			path = FotimSFRIv2Tests;
			sourceTree = "<group>";
		};
		3BC0FE162BEE225600215E16 /* FotimSFRIv2UITests */ = {
			isa = PBXGroup;
			children = (
				3BC0FE172BEE225600215E16 /* FotimSFRIv2UITests.swift */,
				3BC0FE192BEE225600215E16 /* FotimSFRIv2UITestsLaunchTests.swift */,
			);
			path = FotimSFRIv2UITests;
			sourceTree = "<group>";
		};
/* End PBXGroup section */

/* Begin PBXNativeTarget section */
		3BC0FDF82BEE225500215E16 /* FotimSFRIv2 */ = {
			isa = PBXNativeTarget;
			buildConfigurationList = 3BC0FE1D2BEE225600215E16 /* Build configuration list for PBXNativeTarget "FotimSFRIv2" */;
			buildPhases = (
				3BC0FDF52BEE225500215E16 /* Sources */,
				3BC0FDF62BEE225500215E16 /* Frameworks */,
				3BC0FDF72BEE225500215E16 /* Resources */,
			);
			buildRules = (
			);
			dependencies = (
			);
			name = FotimSFRIv2;
			packageProductDependencies = (
				3B07B1522BEE275C002A238B /* FirebaseAuth */,
				3B07B1542BEE275C002A238B /* FirebaseFirestore */,
				3B07B1562BEE275C002A238B /* FirebaseFirestoreSwift */,
			);
			productName = FotimSFRIv2;
			productReference = 3BC0FDF92BEE225500215E16 /* FotimSFRIv2.app */;
			productType = "com.apple.product-type.application";
		};
		3BC0FE082BEE225600215E16 /* FotimSFRIv2Tests */ = {
			isa = PBXNativeTarget;
			buildConfigurationList = 3BC0FE202BEE225600215E16 /* Build configuration list for PBXNativeTarget "FotimSFRIv2Tests" */;
			buildPhases = (
				3BC0FE052BEE225600215E16 /* Sources */,
				3BC0FE062BEE225600215E16 /* Frameworks */,
				3BC0FE072BEE225600215E16 /* Resources */,
			);
			buildRules = (
			);
			dependencies = (
				3BC0FE0B2BEE225600215E16 /* PBXTargetDependency */,
			);
			name = FotimSFRIv2Tests;
			productName = FotimSFRIv2Tests;
			productReference = 3BC0FE092BEE225600215E16 /* FotimSFRIv2Tests.xctest */;
			productType = "com.apple.product-type.bundle.unit-test";
		};
		3BC0FE122BEE225600215E16 /* FotimSFRIv2UITests */ = {
			isa = PBXNativeTarget;
			buildConfigurationList = 3BC0FE232BEE225600215E16 /* Build configuration list for PBXNativeTarget "FotimSFRIv2UITests" */;
			buildPhases = (
				3BC0FE0F2BEE225600215E16 /* Sources */,
				3BC0FE102BEE225600215E16 /* Frameworks */,
				3BC0FE112BEE225600215E16 /* Resources */,
			);
			buildRules = (
			);
			dependencies = (
				3BC0FE152BEE225600215E16 /* PBXTargetDependency */,
			);
			name = FotimSFRIv2UITests;
			productName = FotimSFRIv2UITests;
			productReference = 3BC0FE132BEE225600215E16 /* FotimSFRIv2UITests.xctest */;
			productType = "com.apple.product-type.bundle.ui-testing";
		};
/* End PBXNativeTarget section */

/* Begin PBXProject section */
		3BC0FDF12BEE225500215E16 /* Project object */ = {
			isa = PBXProject;
			attributes = {
				BuildIndependentTargetsInParallel = 1;
				LastSwiftUpdateCheck = 1520;
				LastUpgradeCheck = 1520;
				TargetAttributes = {
					3BC0FDF82BEE225500215E16 = {
						CreatedOnToolsVersion = 15.2;
					};
					3BC0FE082BEE225600215E16 = {
						CreatedOnToolsVersion = 15.2;
						TestTargetID = 3BC0FDF82BEE225500215E16;
					};
					3BC0FE122BEE225600215E16 = {
						CreatedOnToolsVersion = 15.2;
						TestTargetID = 3BC0FDF82BEE225500215E16;
					};
				};
			};
			buildConfigurationList = 3BC0FDF42BEE225500215E16 /* Build configuration list for PBXProject "FotimSFRIv2" */;
			compatibilityVersion = "Xcode 14.0";
			developmentRegion = en;
			hasScannedForEncodings = 0;
			knownRegions = (
				en,
				Base,
			);
			mainGroup = 3BC0FDF02BEE225500215E16;
			packageReferences = (
				3B07B1512BEE275C002A238B /* XCRemoteSwiftPackageReference "firebase-ios-sdk" */,
			);
			productRefGroup = 3BC0FDFA2BEE225500215E16 /* Products */;
			projectDirPath = "";
			projectRoot = "";
			targets = (
				3BC0FDF82BEE225500215E16 /* FotimSFRIv2 */,
				3BC0FE082BEE225600215E16 /* FotimSFRIv2Tests */,
				3BC0FE122BEE225600215E16 /* FotimSFRIv2UITests */,
			);
		};
/* End PBXProject section */

/* Begin PBXResourcesBuildPhase section */
		3BC0FDF72BEE225500215E16 /* Resources */ = {
			isa = PBXResourcesBuildPhase;
			buildActionMask = 2147483647;
			files = (
				3BFEB0E72BEF99F00089278C /* LOGO_FRI.png in Resources */,
				3BC0FE042BEE225600215E16 /* Preview Assets.xcassets in Resources */,
				3BC0FE012BEE225600215E16 /* Assets.xcassets in Resources */,
				3B07B1592BEE287F002A238B /* GoogleService-Info.plist in Resources */,
			);
			runOnlyForDeploymentPostprocessing = 0;
		};
		3BC0FE072BEE225600215E16 /* Resources */ = {
			isa = PBXResourcesBuildPhase;
			buildActionMask = 2147483647;
			files = (
			);
			runOnlyForDeploymentPostprocessing = 0;
		};
		3BC0FE112BEE225600215E16 /* Resources */ = {
			isa = PBXResourcesBuildPhase;
			buildActionMask = 2147483647;
			files = (
			);
			runOnlyForDeploymentPostprocessing = 0;
		};
/* End PBXResourcesBuildPhase section */

/* Begin PBXSourcesBuildPhase section */
		3BC0FDF52BEE225500215E16 /* Sources */ = {
			isa = PBXSourcesBuildPhase;
			buildActionMask = 2147483647;
			files = (
				3B07B1682BEE6047002A238B /* LoginView.swift in Sources */,
				3B07B16E2BEE60DF002A238B /* ProfileView.swift in Sources */,
				3B07B17E2BEE6A51002A238B /* RegisterViewViewModel.swift in Sources */,
				3BFEB0E52BEF914D0089278C /* HlavickaView.swift in Sources */,
				3B07B1822BEE6A6B002A238B /* ProfileViewViewModel.swift in Sources */,
				3B07B1742BEE6A02002A238B /* MainViewViewModel.swift in Sources */,
				3B07B1842BEE7760002A238B /* NavigateView.swift in Sources */,
				3B07B1722BEE6373002A238B /* Polozka.swift in Sources */,
				3B07B17C2BEE6A3A002A238B /* LoginViewModel.swift in Sources */,
				3B07B1762BEE6A11002A238B /* PolozkyItemViewViewModel.swift in Sources */,
				3BC0FDFF2BEE225500215E16 /* MainView.swift in Sources */,
				3B07B1602BEE5FD5002A238B /* PolozkyItemView.swift in Sources */,
				3B07B16A2BEE6053002A238B /* RegisterView.swift in Sources */,
				3BC0FDFD2BEE225500215E16 /* FotimSFRIv2App.swift in Sources */,
				3BD5D1CB2BF1EFBC00C2780B /* LogRegButton.swift in Sources */,
				3B07B17A2BEE6A2F002A238B /* NavigateViewViewModel.swift in Sources */,
				3B07B1622BEE6003002A238B /* PolozkaView.swift in Sources */,
				3B07B1702BEE636C002A238B /* Pouzivatel.swift in Sources */,
				3B07B1782BEE6A21002A238B /* PolozkaViewViewModel.swift in Sources */,
				3B07B1802BEE6A5E002A238B /* NovaPolozkaViewViewModel.swift in Sources */,
				3B07B16C2BEE6091002A238B /* NovaPolozkaView.swift in Sources */,
			);
			runOnlyForDeploymentPostprocessing = 0;
		};
		3BC0FE052BEE225600215E16 /* Sources */ = {
			isa = PBXSourcesBuildPhase;
			buildActionMask = 2147483647;
			files = (
				3BC0FE0E2BEE225600215E16 /* FotimSFRIv2Tests.swift in Sources */,
			);
			runOnlyForDeploymentPostprocessing = 0;
		};
		3BC0FE0F2BEE225600215E16 /* Sources */ = {
			isa = PBXSourcesBuildPhase;
			buildActionMask = 2147483647;
			files = (
				3BC0FE1A2BEE225600215E16 /* FotimSFRIv2UITestsLaunchTests.swift in Sources */,
				3BC0FE182BEE225600215E16 /* FotimSFRIv2UITests.swift in Sources */,
			);
			runOnlyForDeploymentPostprocessing = 0;
		};
/* End PBXSourcesBuildPhase section */

/* Begin PBXTargetDependency section */
		3BC0FE0B2BEE225600215E16 /* PBXTargetDependency */ = {
			isa = PBXTargetDependency;
			target = 3BC0FDF82BEE225500215E16 /* FotimSFRIv2 */;
			targetProxy = 3BC0FE0A2BEE225600215E16 /* PBXContainerItemProxy */;
		};
		3BC0FE152BEE225600215E16 /* PBXTargetDependency */ = {
			isa = PBXTargetDependency;
			target = 3BC0FDF82BEE225500215E16 /* FotimSFRIv2 */;
			targetProxy = 3BC0FE142BEE225600215E16 /* PBXContainerItemProxy */;
		};
/* End PBXTargetDependency section */

/* Begin XCBuildConfiguration section */
		3BC0FE1B2BEE225600215E16 /* Debug */ = {
			isa = XCBuildConfiguration;
			buildSettings = {
				ALWAYS_SEARCH_USER_PATHS = NO;
				ASSETCATALOG_COMPILER_GENERATE_SWIFT_ASSET_SYMBOL_EXTENSIONS = YES;
				CLANG_ANALYZER_NONNULL = YES;
				CLANG_ANALYZER_NUMBER_OBJECT_CONVERSION = YES_AGGRESSIVE;
				CLANG_CXX_LANGUAGE_STANDARD = "gnu++20";
				CLANG_ENABLE_MODULES = YES;
				CLANG_ENABLE_OBJC_ARC = YES;
				CLANG_ENABLE_OBJC_WEAK = YES;
				CLANG_WARN_BLOCK_CAPTURE_AUTORELEASING = YES;
				CLANG_WARN_BOOL_CONVERSION = YES;
				CLANG_WARN_COMMA = YES;
				CLANG_WARN_CONSTANT_CONVERSION = YES;
				CLANG_WARN_DEPRECATED_OBJC_IMPLEMENTATIONS = YES;
				CLANG_WARN_DIRECT_OBJC_ISA_USAGE = YES_ERROR;
				CLANG_WARN_DOCUMENTATION_COMMENTS = YES;
				CLANG_WARN_EMPTY_BODY = YES;
				CLANG_WARN_ENUM_CONVERSION = YES;
				CLANG_WARN_INFINITE_RECURSION = YES;
				CLANG_WARN_INT_CONVERSION = YES;
				CLANG_WARN_NON_LITERAL_NULL_CONVERSION = YES;
				CLANG_WARN_OBJC_IMPLICIT_RETAIN_SELF = YES;
				CLANG_WARN_OBJC_LITERAL_CONVERSION = YES;
				CLANG_WARN_OBJC_ROOT_CLASS = YES_ERROR;
				CLANG_WARN_QUOTED_INCLUDE_IN_FRAMEWORK_HEADER = YES;
				CLANG_WARN_RANGE_LOOP_ANALYSIS = YES;
				CLANG_WARN_STRICT_PROTOTYPES = YES;
				CLANG_WARN_SUSPICIOUS_MOVE = YES;
				CLANG_WARN_UNGUARDED_AVAILABILITY = YES_AGGRESSIVE;
				CLANG_WARN_UNREACHABLE_CODE = YES;
				CLANG_WARN__DUPLICATE_METHOD_MATCH = YES;
				COPY_PHASE_STRIP = NO;
				DEBUG_INFORMATION_FORMAT = dwarf;
				ENABLE_STRICT_OBJC_MSGSEND = YES;
				ENABLE_TESTABILITY = YES;
				ENABLE_USER_SCRIPT_SANDBOXING = YES;
				GCC_C_LANGUAGE_STANDARD = gnu17;
				GCC_DYNAMIC_NO_PIC = NO;
				GCC_NO_COMMON_BLOCKS = YES;
				GCC_OPTIMIZATION_LEVEL = 0;
				GCC_PREPROCESSOR_DEFINITIONS = (
					"DEBUG=1",
					"$(inherited)",
				);
				GCC_WARN_64_TO_32_BIT_CONVERSION = YES;
				GCC_WARN_ABOUT_RETURN_TYPE = YES_ERROR;
				GCC_WARN_UNDECLARED_SELECTOR = YES;
				GCC_WARN_UNINITIALIZED_AUTOS = YES_AGGRESSIVE;
				GCC_WARN_UNUSED_FUNCTION = YES;
				GCC_WARN_UNUSED_VARIABLE = YES;
				IPHONEOS_DEPLOYMENT_TARGET = 17.2;
				LOCALIZATION_PREFERS_STRING_CATALOGS = YES;
				MTL_ENABLE_DEBUG_INFO = INCLUDE_SOURCE;
				MTL_FAST_MATH = YES;
				ONLY_ACTIVE_ARCH = YES;
				SDKROOT = iphoneos;
				SWIFT_ACTIVE_COMPILATION_CONDITIONS = "DEBUG $(inherited)";
				SWIFT_OPTIMIZATION_LEVEL = "-Onone";
			};
			name = Debug;
		};
		3BC0FE1C2BEE225600215E16 /* Release */ = {
			isa = XCBuildConfiguration;
			buildSettings = {
				ALWAYS_SEARCH_USER_PATHS = NO;
				ASSETCATALOG_COMPILER_GENERATE_SWIFT_ASSET_SYMBOL_EXTENSIONS = YES;
				CLANG_ANALYZER_NONNULL = YES;
				CLANG_ANALYZER_NUMBER_OBJECT_CONVERSION = YES_AGGRESSIVE;
				CLANG_CXX_LANGUAGE_STANDARD = "gnu++20";
				CLANG_ENABLE_MODULES = YES;
				CLANG_ENABLE_OBJC_ARC = YES;
				CLANG_ENABLE_OBJC_WEAK = YES;
				CLANG_WARN_BLOCK_CAPTURE_AUTORELEASING = YES;
				CLANG_WARN_BOOL_CONVERSION = YES;
				CLANG_WARN_COMMA = YES;
				CLANG_WARN_CONSTANT_CONVERSION = YES;
				CLANG_WARN_DEPRECATED_OBJC_IMPLEMENTATIONS = YES;
				CLANG_WARN_DIRECT_OBJC_ISA_USAGE = YES_ERROR;
				CLANG_WARN_DOCUMENTATION_COMMENTS = YES;
				CLANG_WARN_EMPTY_BODY = YES;
				CLANG_WARN_ENUM_CONVERSION = YES;
				CLANG_WARN_INFINITE_RECURSION = YES;
				CLANG_WARN_INT_CONVERSION = YES;
				CLANG_WARN_NON_LITERAL_NULL_CONVERSION = YES;
				CLANG_WARN_OBJC_IMPLICIT_RETAIN_SELF = YES;
				CLANG_WARN_OBJC_LITERAL_CONVERSION = YES;
				CLANG_WARN_OBJC_ROOT_CLASS = YES_ERROR;
				CLANG_WARN_QUOTED_INCLUDE_IN_FRAMEWORK_HEADER = YES;
				CLANG_WARN_RANGE_LOOP_ANALYSIS = YES;
				CLANG_WARN_STRICT_PROTOTYPES = YES;
				CLANG_WARN_SUSPICIOUS_MOVE = YES;
				CLANG_WARN_UNGUARDED_AVAILABILITY = YES_AGGRESSIVE;
				CLANG_WARN_UNREACHABLE_CODE = YES;
				CLANG_WARN__DUPLICATE_METHOD_MATCH = YES;
				COPY_PHASE_STRIP = NO;
				DEBUG_INFORMATION_FORMAT = "dwarf-with-dsym";
				ENABLE_NS_ASSERTIONS = NO;
				ENABLE_STRICT_OBJC_MSGSEND = YES;
				ENABLE_USER_SCRIPT_SANDBOXING = YES;
				GCC_C_LANGUAGE_STANDARD = gnu17;
				GCC_NO_COMMON_BLOCKS = YES;
				GCC_WARN_64_TO_32_BIT_CONVERSION = YES;
				GCC_WARN_ABOUT_RETURN_TYPE = YES_ERROR;
				GCC_WARN_UNDECLARED_SELECTOR = YES;
				GCC_WARN_UNINITIALIZED_AUTOS = YES_AGGRESSIVE;
				GCC_WARN_UNUSED_FUNCTION = YES;
				GCC_WARN_UNUSED_VARIABLE = YES;
				IPHONEOS_DEPLOYMENT_TARGET = 17.2;
				LOCALIZATION_PREFERS_STRING_CATALOGS = YES;
				MTL_ENABLE_DEBUG_INFO = NO;
				MTL_FAST_MATH = YES;
				SDKROOT = iphoneos;
				SWIFT_COMPILATION_MODE = wholemodule;
				VALIDATE_PRODUCT = YES;
			};
			name = Release;
		};
		3BC0FE1E2BEE225600215E16 /* Debug */ = {
			isa = XCBuildConfiguration;
			buildSettings = {
				ASSETCATALOG_COMPILER_APPICON_NAME = AppIcon;
				ASSETCATALOG_COMPILER_GLOBAL_ACCENT_COLOR_NAME = AccentColor;
				CODE_SIGN_STYLE = Automatic;
				CURRENT_PROJECT_VERSION = 1;
				DEVELOPMENT_ASSET_PATHS = "\"FotimSFRIv2/Preview Content\"";
				DEVELOPMENT_TEAM = 2RL4QQQRWF;
				ENABLE_PREVIEWS = YES;
				GENERATE_INFOPLIST_FILE = YES;
				INFOPLIST_KEY_CFBundleDisplayName = "Fotim S FRI";
				INFOPLIST_KEY_UIApplicationSceneManifest_Generation = YES;
				INFOPLIST_KEY_UIApplicationSupportsIndirectInputEvents = YES;
				INFOPLIST_KEY_UILaunchScreen_Generation = YES;
				INFOPLIST_KEY_UISupportedInterfaceOrientations = UIInterfaceOrientationPortrait;
				LD_RUNPATH_SEARCH_PATHS = (
					"$(inherited)",
					"@executable_path/Frameworks",
				);
				MARKETING_VERSION = 1.0;
				PRODUCT_BUNDLE_IDENTIFIER = jakub.zabka.FotimSFRIv2;
				PRODUCT_NAME = "$(TARGET_NAME)";
				SWIFT_EMIT_LOC_STRINGS = YES;
				SWIFT_VERSION = 5.0;
				TARGETED_DEVICE_FAMILY = "1,2";
			};
			name = Debug;
		};
		3BC0FE1F2BEE225600215E16 /* Release */ = {
			isa = XCBuildConfiguration;
			buildSettings = {
				ASSETCATALOG_COMPILER_APPICON_NAME = AppIcon;
				ASSETCATALOG_COMPILER_GLOBAL_ACCENT_COLOR_NAME = AccentColor;
				CODE_SIGN_STYLE = Automatic;
				CURRENT_PROJECT_VERSION = 1;
				DEVELOPMENT_ASSET_PATHS = "\"FotimSFRIv2/Preview Content\"";
				DEVELOPMENT_TEAM = 2RL4QQQRWF;
				ENABLE_PREVIEWS = YES;
				GENERATE_INFOPLIST_FILE = YES;
				INFOPLIST_KEY_CFBundleDisplayName = "Fotim S FRI";
				INFOPLIST_KEY_UIApplicationSceneManifest_Generation = YES;
				INFOPLIST_KEY_UIApplicationSupportsIndirectInputEvents = YES;
				INFOPLIST_KEY_UILaunchScreen_Generation = YES;
				INFOPLIST_KEY_UISupportedInterfaceOrientations = UIInterfaceOrientationPortrait;
				LD_RUNPATH_SEARCH_PATHS = (
					"$(inherited)",
					"@executable_path/Frameworks",
				);
				MARKETING_VERSION = 1.0;
				PRODUCT_BUNDLE_IDENTIFIER = jakub.zabka.FotimSFRIv2;
				PRODUCT_NAME = "$(TARGET_NAME)";
				SWIFT_EMIT_LOC_STRINGS = YES;
				SWIFT_VERSION = 5.0;
				TARGETED_DEVICE_FAMILY = "1,2";
			};
			name = Release;
		};
		3BC0FE212BEE225600215E16 /* Debug */ = {
			isa = XCBuildConfiguration;
			buildSettings = {
				ALWAYS_EMBED_SWIFT_STANDARD_LIBRARIES = YES;
				BUNDLE_LOADER = "$(TEST_HOST)";
				CODE_SIGN_STYLE = Automatic;
				CURRENT_PROJECT_VERSION = 1;
				DEVELOPMENT_TEAM = 2RL4QQQRWF;
				GENERATE_INFOPLIST_FILE = YES;
				IPHONEOS_DEPLOYMENT_TARGET = 17.2;
				MARKETING_VERSION = 1.0;
				PRODUCT_BUNDLE_IDENTIFIER = jakub.zabka.FotimSFRIv2Tests;
				PRODUCT_NAME = "$(TARGET_NAME)";
				SWIFT_EMIT_LOC_STRINGS = NO;
				SWIFT_VERSION = 5.0;
				TARGETED_DEVICE_FAMILY = "1,2";
				TEST_HOST = "$(BUILT_PRODUCTS_DIR)/FotimSFRIv2.app/$(BUNDLE_EXECUTABLE_FOLDER_PATH)/FotimSFRIv2";
			};
			name = Debug;
		};
		3BC0FE222BEE225600215E16 /* Release */ = {
			isa = XCBuildConfiguration;
			buildSettings = {
				ALWAYS_EMBED_SWIFT_STANDARD_LIBRARIES = YES;
				BUNDLE_LOADER = "$(TEST_HOST)";
				CODE_SIGN_STYLE = Automatic;
				CURRENT_PROJECT_VERSION = 1;
				DEVELOPMENT_TEAM = 2RL4QQQRWF;
				GENERATE_INFOPLIST_FILE = YES;
				IPHONEOS_DEPLOYMENT_TARGET = 17.2;
				MARKETING_VERSION = 1.0;
				PRODUCT_BUNDLE_IDENTIFIER = jakub.zabka.FotimSFRIv2Tests;
				PRODUCT_NAME = "$(TARGET_NAME)";
				SWIFT_EMIT_LOC_STRINGS = NO;
				SWIFT_VERSION = 5.0;
				TARGETED_DEVICE_FAMILY = "1,2";
				TEST_HOST = "$(BUILT_PRODUCTS_DIR)/FotimSFRIv2.app/$(BUNDLE_EXECUTABLE_FOLDER_PATH)/FotimSFRIv2";
			};
			name = Release;
		};
		3BC0FE242BEE225600215E16 /* Debug */ = {
			isa = XCBuildConfiguration;
			buildSettings = {
				ALWAYS_EMBED_SWIFT_STANDARD_LIBRARIES = YES;
				CODE_SIGN_STYLE = Automatic;
				CURRENT_PROJECT_VERSION = 1;
				DEVELOPMENT_TEAM = 2RL4QQQRWF;
				GENERATE_INFOPLIST_FILE = YES;
				MARKETING_VERSION = 1.0;
				PRODUCT_BUNDLE_IDENTIFIER = jakub.zabka.FotimSFRIv2UITests;
				PRODUCT_NAME = "$(TARGET_NAME)";
				SWIFT_EMIT_LOC_STRINGS = NO;
				SWIFT_VERSION = 5.0;
				TARGETED_DEVICE_FAMILY = "1,2";
				TEST_TARGET_NAME = FotimSFRIv2;
			};
			name = Debug;
		};
		3BC0FE252BEE225600215E16 /* Release */ = {
			isa = XCBuildConfiguration;
			buildSettings = {
				ALWAYS_EMBED_SWIFT_STANDARD_LIBRARIES = YES;
				CODE_SIGN_STYLE = Automatic;
				CURRENT_PROJECT_VERSION = 1;
				DEVELOPMENT_TEAM = 2RL4QQQRWF;
				GENERATE_INFOPLIST_FILE = YES;
				MARKETING_VERSION = 1.0;
				PRODUCT_BUNDLE_IDENTIFIER = jakub.zabka.FotimSFRIv2UITests;
				PRODUCT_NAME = "$(TARGET_NAME)";
				SWIFT_EMIT_LOC_STRINGS = NO;
				SWIFT_VERSION = 5.0;
				TARGETED_DEVICE_FAMILY = "1,2";
				TEST_TARGET_NAME = FotimSFRIv2;
			};
			name = Release;
		};
/* End XCBuildConfiguration section */

/* Begin XCConfigurationList section */
		3BC0FDF42BEE225500215E16 /* Build configuration list for PBXProject "FotimSFRIv2" */ = {
			isa = XCConfigurationList;
			buildConfigurations = (
				3BC0FE1B2BEE225600215E16 /* Debug */,
				3BC0FE1C2BEE225600215E16 /* Release */,
			);
			defaultConfigurationIsVisible = 0;
			defaultConfigurationName = Release;
		};
		3BC0FE1D2BEE225600215E16 /* Build configuration list for PBXNativeTarget "FotimSFRIv2" */ = {
			isa = XCConfigurationList;
			buildConfigurations = (
				3BC0FE1E2BEE225600215E16 /* Debug */,
				3BC0FE1F2BEE225600215E16 /* Release */,
			);
			defaultConfigurationIsVisible = 0;
			defaultConfigurationName = Release;
		};
		3BC0FE202BEE225600215E16 /* Build configuration list for PBXNativeTarget "FotimSFRIv2Tests" */ = {
			isa = XCConfigurationList;
			buildConfigurations = (
				3BC0FE212BEE225600215E16 /* Debug */,
				3BC0FE222BEE225600215E16 /* Release */,
			);
			defaultConfigurationIsVisible = 0;
			defaultConfigurationName = Release;
		};
		3BC0FE232BEE225600215E16 /* Build configuration list for PBXNativeTarget "FotimSFRIv2UITests" */ = {
			isa = XCConfigurationList;
			buildConfigurations = (
				3BC0FE242BEE225600215E16 /* Debug */,
				3BC0FE252BEE225600215E16 /* Release */,
			);
			defaultConfigurationIsVisible = 0;
			defaultConfigurationName = Release;
		};
/* End XCConfigurationList section */

/* Begin XCRemoteSwiftPackageReference section */
		3B07B1512BEE275C002A238B /* XCRemoteSwiftPackageReference "firebase-ios-sdk" */ = {
			isa = XCRemoteSwiftPackageReference;
			repositoryURL = "https://github.com/firebase/firebase-ios-sdk.git";
			requirement = {
				kind = upToNextMajorVersion;
				minimumVersion = 10.25.0;
			};
		};
/* End XCRemoteSwiftPackageReference section */

/* Begin XCSwiftPackageProductDependency section */
		3B07B1522BEE275C002A238B /* FirebaseAuth */ = {
			isa = XCSwiftPackageProductDependency;
			package = 3B07B1512BEE275C002A238B /* XCRemoteSwiftPackageReference "firebase-ios-sdk" */;
			productName = FirebaseAuth;
		};
		3B07B1542BEE275C002A238B /* FirebaseFirestore */ = {
			isa = XCSwiftPackageProductDependency;
			package = 3B07B1512BEE275C002A238B /* XCRemoteSwiftPackageReference "firebase-ios-sdk" */;
			productName = FirebaseFirestore;
		};
		3B07B1562BEE275C002A238B /* FirebaseFirestoreSwift */ = {
			isa = XCSwiftPackageProductDependency;
			package = 3B07B1512BEE275C002A238B /* XCRemoteSwiftPackageReference "firebase-ios-sdk" */;
			productName = FirebaseFirestoreSwift;
		};
/* End XCSwiftPackageProductDependency section */
	};
	rootObject = 3BC0FDF12BEE225500215E16 /* Project object */;
}
